
Microsoft Visual Studio Solution File, Format Version 12.00
# Visual Studio Version 17
VisualStudioVersion = 17.8.34316.72
MinimumVisualStudioVersion = 10.0.40219.1
Project("{9A19103F-16F7-4668-BE54-9A1E7A4F7556}") = "Lekce1", "Lekce1\Lekce1.csproj", "{B0ADBC5E-BAF3-4A5A-8047-F3B676EEAE12}"
EndProject
Project("{9A19103F-16F7-4668-BE54-9A1E7A4F7556}") = "Lekce2_Breakout1", "Lekce2_Breakout1\Lekce2_Breakout1.csproj", "{565431FB-95E9-4751-ABA6-F5195D307A88}"
EndProject
Project("{9A19103F-16F7-4668-BE54-9A1E7A4F7556}") = "Lekce3_Breakout1", "Lekce3_Breakout1\Lekce3_Breakout1.csproj", "{88ACEBA8-3145-4860-9E0F-3109B2B97011}"
EndProject
Project("{9A19103F-16F7-4668-BE54-9A1E7A4F7556}") = "Lekce2_Breakout2", "Lekce2_Breakout2\Lekce2_Breakout2.csproj", "{474BF5C1-FA2F-4FB3-BD7B-434F8DA882A0}"
EndProject
Project("{9A19103F-16F7-4668-BE54-9A1E7A4F7556}") = "Lekce3_Breakout2", "Lekce3_Breakout2\Lekce3_Breakout2.csproj", "{6205BA9E-0B75-4298-8C1D-DB61EE716D91}"
EndProject
Project("{9A19103F-16F7-4668-BE54-9A1E7A4F7556}") = "Lekce4_Breakout1", "Lekce4_Breakout1\Lekce4_Breakout1.csproj", "{596EF899-F584-4A2D-AAC8-02490BFF130D}"
EndProject
Project("{FAE04EC0-301F-11D3-BF4B-00C04F79EFBC}") = "Lekce4_Breakout2", "Lekce4_Breakout2\Lekce4_Breakout2.csproj", "{6B1976AC-71DD-4F06-BE67-C45C4EDE16BD}"
EndProject
Project("{FAE04EC0-301F-11D3-BF4B-00C04F79EFBC}") = "Lekce5_Breakout", "Lekce5_Breakout\Lekce5_Breakout.csproj", "{5588BC1F-784B-4189-B93F-31CBDCC7CCBF}"
EndProject
Project("{FAE04EC0-301F-11D3-BF4B-00C04F79EFBC}") = "EagerLoading", "EagerLoading\EagerLoading.csproj", "{2D8C7327-EB58-4F77-AB2C-4F77E2C55C37}"
EndProject
Global
	GlobalSection(SolutionConfigurationPlatforms) = preSolution
		Debug|Any CPU = Debug|Any CPU
		Release|Any CPU = Release|Any CPU
	EndGlobalSection
	GlobalSection(ProjectConfigurationPlatforms) = postSolution
		{B0ADBC5E-BAF3-4A5A-8047-F3B676EEAE12}.Debug|Any CPU.ActiveCfg = Debug|Any CPU
		{B0ADBC5E-BAF3-4A5A-8047-F3B676EEAE12}.Debug|Any CPU.Build.0 = Debug|Any CPU
		{B0ADBC5E-BAF3-4A5A-8047-F3B676EEAE12}.Release|Any CPU.ActiveCfg = Release|Any CPU
		{B0ADBC5E-BAF3-4A5A-8047-F3B676EEAE12}.Release|Any CPU.Build.0 = Release|Any CPU
		{565431FB-95E9-4751-ABA6-F5195D307A88}.Debug|Any CPU.ActiveCfg = Debug|Any CPU
		{565431FB-95E9-4751-ABA6-F5195D307A88}.Debug|Any CPU.Build.0 = Debug|Any CPU
		{565431FB-95E9-4751-ABA6-F5195D307A88}.Release|Any CPU.ActiveCfg = Release|Any CPU
		{565431FB-95E9-4751-ABA6-F5195D307A88}.Release|Any CPU.Build.0 = Release|Any CPU
		{88ACEBA8-3145-4860-9E0F-3109B2B97011}.Debug|Any CPU.ActiveCfg = Debug|Any CPU
		{88ACEBA8-3145-4860-9E0F-3109B2B97011}.Debug|Any CPU.Build.0 = Debug|Any CPU
		{88ACEBA8-3145-4860-9E0F-3109B2B97011}.Release|Any CPU.ActiveCfg = Release|Any CPU
		{88ACEBA8-3145-4860-9E0F-3109B2B97011}.Release|Any CPU.Build.0 = Release|Any CPU
		{474BF5C1-FA2F-4FB3-BD7B-434F8DA882A0}.Debug|Any CPU.ActiveCfg = Debug|Any CPU
		{474BF5C1-FA2F-4FB3-BD7B-434F8DA882A0}.Debug|Any CPU.Build.0 = Debug|Any CPU
		{474BF5C1-FA2F-4FB3-BD7B-434F8DA882A0}.Release|Any CPU.ActiveCfg = Release|Any CPU
		{474BF5C1-FA2F-4FB3-BD7B-434F8DA882A0}.Release|Any CPU.Build.0 = Release|Any CPU
		{6205BA9E-0B75-4298-8C1D-DB61EE716D91}.Debug|Any CPU.ActiveCfg = Debug|Any CPU
		{6205BA9E-0B75-4298-8C1D-DB61EE716D91}.Debug|Any CPU.Build.0 = Debug|Any CPU
		{6205BA9E-0B75-4298-8C1D-DB61EE716D91}.Release|Any CPU.ActiveCfg = Release|Any CPU
		{6205BA9E-0B75-4298-8C1D-DB61EE716D91}.Release|Any CPU.Build.0 = Release|Any CPU
		{596EF899-F584-4A2D-AAC8-02490BFF130D}.Debug|Any CPU.ActiveCfg = Debug|Any CPU
		{596EF899-F584-4A2D-AAC8-02490BFF130D}.Debug|Any CPU.Build.0 = Debug|Any CPU
		{596EF899-F584-4A2D-AAC8-02490BFF130D}.Release|Any CPU.ActiveCfg = Release|Any CPU
		{596EF899-F584-4A2D-AAC8-02490BFF130D}.Release|Any CPU.Build.0 = Release|Any CPU
		{6B1976AC-71DD-4F06-BE67-C45C4EDE16BD}.Debug|Any CPU.ActiveCfg = Debug|Any CPU
		{6B1976AC-71DD-4F06-BE67-C45C4EDE16BD}.Debug|Any CPU.Build.0 = Debug|Any CPU
		{6B1976AC-71DD-4F06-BE67-C45C4EDE16BD}.Release|Any CPU.ActiveCfg = Release|Any CPU
		{6B1976AC-71DD-4F06-BE67-C45C4EDE16BD}.Release|Any CPU.Build.0 = Release|Any CPU
		{5588BC1F-784B-4189-B93F-31CBDCC7CCBF}.Debug|Any CPU.ActiveCfg = Debug|Any CPU
		{5588BC1F-784B-4189-B93F-31CBDCC7CCBF}.Debug|Any CPU.Build.0 = Debug|Any CPU
		{5588BC1F-784B-4189-B93F-31CBDCC7CCBF}.Release|Any CPU.ActiveCfg = Release|Any CPU
		{5588BC1F-784B-4189-B93F-31CBDCC7CCBF}.Release|Any CPU.Build.0 = Release|Any CPU
		{2D8C7327-EB58-4F77-AB2C-4F77E2C55C37}.Debug|Any CPU.ActiveCfg = Debug|Any CPU
		{2D8C7327-EB58-4F77-AB2C-4F77E2C55C37}.Debug|Any CPU.Build.0 = Debug|Any CPU
		{2D8C7327-EB58-4F77-AB2C-4F77E2C55C37}.Release|Any CPU.ActiveCfg = Release|Any CPU
		{2D8C7327-EB58-4F77-AB2C-4F77E2C55C37}.Release|Any CPU.Build.0 = Release|Any CPU
	EndGlobalSection
	GlobalSection(SolutionProperties) = preSolution
		HideSolutionNode = FALSE
	EndGlobalSection
	GlobalSection(ExtensibilityGlobals) = postSolution
		SolutionGuid = {6A3BFEFC-68A5-4D61-A462-5A8E6737D28B}
	EndGlobalSection
EndGlobal
